# This file was autogenerated by Stack.
# You should not edit this file by hand.
# For more information, please see the documentation at:
#   https://docs.haskellstack.org/en/stable/lock_files

packages:
- completed:
    hackage: semilattices-0.0.0.4@sha256:333707e460923711d1edbdd02ebe1c3957d4e0808eab9886747b52ee3e443639,1909
    pantry-tree:
      size: 801
      sha256: f3b6dd7ac1fa1b7a259334ff342405263da053af5c115bd86499227e2373d8ec
  original:
    hackage: semilattices-0.0.0.4@sha256:333707e460923711d1edbdd02ebe1c3957d4e0808eab9886747b52ee3e443639,1909
snapshots:
- completed:
    size: 533252
    url: https://raw.githubusercontent.com/commercialhaskell/stackage-snapshots/master/lts/16/26.yaml
    sha256: cdbc5db9c1afe80a5998247939027a0c7db92fa0f20b5cd01596ec3da628b622
  original: lts-16.26
